
Microsoft Visual Studio Solution File, Format Version 12.00
# Visual Studio Version 16
VisualStudioVersion = 16.0.29123.88
MinimumVisualStudioVersion = 10.0.40219.1
Project("{FAE04EC0-301F-11D3-BF4B-00C04F79EFBC}") = "WiredBrainCoffeeShopInfoTools", "WiredBrainCoffeeShopInfoTools.csproj", "{91F1FD1A-B7DA-4CC5-A605-C4F3D15AD3FA}"
EndProject
Project("{FAE04EC0-301F-11D3-BF4B-00C04F79EFBC}") = "WiredBrainCoffeeShop.DataAcess", "..\CoffeeShop\WiredBrainCoffeeShop.DataAcess.csproj", "{80087F37-926E-444F-94E2-9D905A6516B3}"
EndProject
Global
	GlobalSection(SolutionConfigurationPlatforms) = preSolution
		Debug|Any CPU = Debug|Any CPU
		Release|Any CPU = Release|Any CPU
	EndGlobalSection
	GlobalSection(ProjectConfigurationPlatforms) = postSolution
		{91F1FD1A-B7DA-4CC5-A605-C4F3D15AD3FA}.Debug|Any CPU.ActiveCfg = Debug|Any CPU
		{91F1FD1A-B7DA-4CC5-A605-C4F3D15AD3FA}.Debug|Any CPU.Build.0 = Debug|Any CPU
		{91F1FD1A-B7DA-4CC5-A605-C4F3D15AD3FA}.Release|Any CPU.ActiveCfg = Release|Any CPU
		{91F1FD1A-B7DA-4CC5-A605-C4F3D15AD3FA}.Release|Any CPU.Build.0 = Release|Any CPU
		{80087F37-926E-444F-94E2-9D905A6516B3}.Debug|Any CPU.ActiveCfg = Debug|Any CPU
		{80087F37-926E-444F-94E2-9D905A6516B3}.Debug|Any CPU.Build.0 = Debug|Any CPU
		{80087F37-926E-444F-94E2-9D905A6516B3}.Release|Any CPU.ActiveCfg = Release|Any CPU
		{80087F37-926E-444F-94E2-9D905A6516B3}.Release|Any CPU.Build.0 = Release|Any CPU
	EndGlobalSection
	GlobalSection(SolutionProperties) = preSolution
		HideSolutionNode = FALSE
	EndGlobalSection
	GlobalSection(ExtensibilityGlobals) = postSolution
		SolutionGuid = {811402BA-F1E9-475A-9520-77A0F3EB4D67}
	EndGlobalSection
EndGlobal
